// !$*UTF8*$!
{
	archiveVersion = 1;
	classes = {
	};
	objectVersion = 77;
	objects = {

/* Begin PBXBuildFile section */
		64E45A8AD5D1851A34D199DF /* Pods_candle_ios_candle_iosUITests.framework in Frameworks */ = {isa = PBXBuildFile; fileRef = C215D15C82CD875B5F8C8239 /* Pods_candle_ios_candle_iosUITests.framework */; };
		7C6A438584FF788505F45365 /* Pods_candle_iosTests.framework in Frameworks */ = {isa = PBXBuildFile; fileRef = C8D498B1FD8353C181A5B535 /* Pods_candle_iosTests.framework */; };
		94407B076DF1C5B6E32AFE63 /* Pods_candle_ios.framework in Frameworks */ = {isa = PBXBuildFile; fileRef = F76946BA6F6AABA93636A956 /* Pods_candle_ios.framework */; };
/* End PBXBuildFile section */

/* Begin PBXContainerItemProxy section */
		76B6E9C02D3DF3340042F364 /* PBXContainerItemProxy */ = {
			isa = PBXContainerItemProxy;
			containerPortal = 76B6E9A72D3DF3300042F364 /* Project object */;
			proxyType = 1;
			remoteGlobalIDString = 76B6E9AE2D3DF3300042F364;
			remoteInfo = "candle-ios";
		};
		76B6E9CA2D3DF3340042F364 /* PBXContainerItemProxy */ = {
			isa = PBXContainerItemProxy;
			containerPortal = 76B6E9A72D3DF3300042F364 /* Project object */;
			proxyType = 1;
			remoteGlobalIDString = 76B6E9AE2D3DF3300042F364;
			remoteInfo = "candle-ios";
		};
/* End PBXContainerItemProxy section */

/* Begin PBXFileReference section */
		49D3E47B817AA5B021CE12E5 /* Pods-candle-iosTests.debug.xcconfig */ = {isa = PBXFileReference; includeInIndex = 1; lastKnownFileType = text.xcconfig; name = "Pods-candle-iosTests.debug.xcconfig"; path = "Target Support Files/Pods-candle-iosTests/Pods-candle-iosTests.debug.xcconfig"; sourceTree = "<group>"; };
		5C79AA63E44735FA51FFCBF7 /* Pods-candle-ios.debug.xcconfig */ = {isa = PBXFileReference; includeInIndex = 1; lastKnownFileType = text.xcconfig; name = "Pods-candle-ios.debug.xcconfig"; path = "Target Support Files/Pods-candle-ios/Pods-candle-ios.debug.xcconfig"; sourceTree = "<group>"; };
		76B6E9AF2D3DF3300042F364 /* candle-ios.app */ = {isa = PBXFileReference; explicitFileType = wrapper.application; includeInIndex = 0; path = "candle-ios.app"; sourceTree = BUILT_PRODUCTS_DIR; };
		76B6E9BF2D3DF3340042F364 /* candle-iosTests.xctest */ = {isa = PBXFileReference; explicitFileType = wrapper.cfbundle; includeInIndex = 0; path = "candle-iosTests.xctest"; sourceTree = BUILT_PRODUCTS_DIR; };
		76B6E9C92D3DF3340042F364 /* candle-iosUITests.xctest */ = {isa = PBXFileReference; explicitFileType = wrapper.cfbundle; includeInIndex = 0; path = "candle-iosUITests.xctest"; sourceTree = BUILT_PRODUCTS_DIR; };
		A496B3C0CC2159E7D3ED0A74 /* Pods-candle-ios.release.xcconfig */ = {isa = PBXFileReference; includeInIndex = 1; lastKnownFileType = text.xcconfig; name = "Pods-candle-ios.release.xcconfig"; path = "Target Support Files/Pods-candle-ios/Pods-candle-ios.release.xcconfig"; sourceTree = "<group>"; };
		AE012D67AF242FBD39FB2899 /* Pods-candle-iosTests.release.xcconfig */ = {isa = PBXFileReference; includeInIndex = 1; lastKnownFileType = text.xcconfig; name = "Pods-candle-iosTests.release.xcconfig"; path = "Target Support Files/Pods-candle-iosTests/Pods-candle-iosTests.release.xcconfig"; sourceTree = "<group>"; };
		C215D15C82CD875B5F8C8239 /* Pods_candle_ios_candle_iosUITests.framework */ = {isa = PBXFileReference; explicitFileType = wrapper.framework; includeInIndex = 0; path = Pods_candle_ios_candle_iosUITests.framework; sourceTree = BUILT_PRODUCTS_DIR; };
		C6894A1A4FCDCFB6F4BAF670 /* Pods-candle-ios-candle-iosUITests.release.xcconfig */ = {isa = PBXFileReference; includeInIndex = 1; lastKnownFileType = text.xcconfig; name = "Pods-candle-ios-candle-iosUITests.release.xcconfig"; path = "Target Support Files/Pods-candle-ios-candle-iosUITests/Pods-candle-ios-candle-iosUITests.release.xcconfig"; sourceTree = "<group>"; };
		C8D498B1FD8353C181A5B535 /* Pods_candle_iosTests.framework */ = {isa = PBXFileReference; explicitFileType = wrapper.framework; includeInIndex = 0; path = Pods_candle_iosTests.framework; sourceTree = BUILT_PRODUCTS_DIR; };
		E361D81332644A58FF3C119B /* Pods-candle-ios-candle-iosUITests.debug.xcconfig */ = {isa = PBXFileReference; includeInIndex = 1; lastKnownFileType = text.xcconfig; name = "Pods-candle-ios-candle-iosUITests.debug.xcconfig"; path = "Target Support Files/Pods-candle-ios-candle-iosUITests/Pods-candle-ios-candle-iosUITests.debug.xcconfig"; sourceTree = "<group>"; };
		F76946BA6F6AABA93636A956 /* Pods_candle_ios.framework */ = {isa = PBXFileReference; explicitFileType = wrapper.framework; includeInIndex = 0; path = Pods_candle_ios.framework; sourceTree = BUILT_PRODUCTS_DIR; };
/* End PBXFileReference section */

/* Begin PBXFileSystemSynchronizedBuildFileExceptionSet section */
		7697C11F2D45218400C1FF1F /* Exceptions for "candle-ios" folder in "candle-ios" target */ = {
			isa = PBXFileSystemSynchronizedBuildFileExceptionSet;
			membershipExceptions = (
				Info.plist,
			);
			target = 76B6E9AE2D3DF3300042F364 /* candle-ios */;
		};
/* End PBXFileSystemSynchronizedBuildFileExceptionSet section */

/* Begin PBXFileSystemSynchronizedRootGroup section */
		76B6E9B12D3DF3300042F364 /* candle-ios */ = {
			isa = PBXFileSystemSynchronizedRootGroup;
			exceptions = (
				7697C11F2D45218400C1FF1F /* Exceptions for "candle-ios" folder in "candle-ios" target */,
			);
			path = "candle-ios";
			sourceTree = "<group>";
		};
		76B6E9C22D3DF3340042F364 /* candle-iosTests */ = {
			isa = PBXFileSystemSynchronizedRootGroup;
			exceptions = (
			);
			path = "candle-iosTests";
			sourceTree = "<group>";
		};
		76B6E9CC2D3DF3340042F364 /* candle-iosUITests */ = {
			isa = PBXFileSystemSynchronizedRootGroup;
			exceptions = (
			);
			path = "candle-iosUITests";
			sourceTree = "<group>";
		};
/* End PBXFileSystemSynchronizedRootGroup section */

/* Begin PBXFrameworksBuildPhase section */
		76B6E9AC2D3DF3300042F364 /* Frameworks */ = {
			isa = PBXFrameworksBuildPhase;
			buildActionMask = 2147483647;
			files = (
				94407B076DF1C5B6E32AFE63 /* Pods_candle_ios.framework in Frameworks */,
			);
			runOnlyForDeploymentPostprocessing = 0;
		};
		76B6E9BC2D3DF3340042F364 /* Frameworks */ = {
			isa = PBXFrameworksBuildPhase;
			buildActionMask = 2147483647;
			files = (
				7C6A438584FF788505F45365 /* Pods_candle_iosTests.framework in Frameworks */,
			);
			runOnlyForDeploymentPostprocessing = 0;
		};
		76B6E9C62D3DF3340042F364 /* Frameworks */ = {
			isa = PBXFrameworksBuildPhase;
			buildActionMask = 2147483647;
			files = (
				64E45A8AD5D1851A34D199DF /* Pods_candle_ios_candle_iosUITests.framework in Frameworks */,
			);
			runOnlyForDeploymentPostprocessing = 0;
		};
/* End PBXFrameworksBuildPhase section */

/* Begin PBXGroup section */
		76B6E9A62D3DF3300042F364 = {
			isa = PBXGroup;
			children = (
				76B6E9B12D3DF3300042F364 /* candle-ios */,
				76B6E9C22D3DF3340042F364 /* candle-iosTests */,
				76B6E9CC2D3DF3340042F364 /* candle-iosUITests */,
				76B6E9B02D3DF3300042F364 /* Products */,
				B1E86B6665A54EC7A69D0AC0 /* Pods */,
				9501F395FFB7E1DCF3DD44A3 /* Frameworks */,
			);
			sourceTree = "<group>";
		};
		76B6E9B02D3DF3300042F364 /* Products */ = {
			isa = PBXGroup;
			children = (
				76B6E9AF2D3DF3300042F364 /* candle-ios.app */,
				76B6E9BF2D3DF3340042F364 /* candle-iosTests.xctest */,
				76B6E9C92D3DF3340042F364 /* candle-iosUITests.xctest */,
			);
			name = Products;
			sourceTree = "<group>";
		};
		9501F395FFB7E1DCF3DD44A3 /* Frameworks */ = {
			isa = PBXGroup;
			children = (
				F76946BA6F6AABA93636A956 /* Pods_candle_ios.framework */,
				C215D15C82CD875B5F8C8239 /* Pods_candle_ios_candle_iosUITests.framework */,
				C8D498B1FD8353C181A5B535 /* Pods_candle_iosTests.framework */,
			);
			name = Frameworks;
			sourceTree = "<group>";
		};
		B1E86B6665A54EC7A69D0AC0 /* Pods */ = {
			isa = PBXGroup;
			children = (
				5C79AA63E44735FA51FFCBF7 /* Pods-candle-ios.debug.xcconfig */,
				A496B3C0CC2159E7D3ED0A74 /* Pods-candle-ios.release.xcconfig */,
				E361D81332644A58FF3C119B /* Pods-candle-ios-candle-iosUITests.debug.xcconfig */,
				C6894A1A4FCDCFB6F4BAF670 /* Pods-candle-ios-candle-iosUITests.release.xcconfig */,
				49D3E47B817AA5B021CE12E5 /* Pods-candle-iosTests.debug.xcconfig */,
				AE012D67AF242FBD39FB2899 /* Pods-candle-iosTests.release.xcconfig */,
			);
			name = Pods;
			path = Pods;
			sourceTree = "<group>";
		};
/* End PBXGroup section */

/* Begin PBXNativeTarget section */
		76B6E9AE2D3DF3300042F364 /* candle-ios */ = {
			isa = PBXNativeTarget;
			buildConfigurationList = 76B6E9D32D3DF3340042F364 /* Build configuration list for PBXNativeTarget "candle-ios" */;
			buildPhases = (
				51FB357ED32F336B3DF62975 /* [CP] Check Pods Manifest.lock */,
				76B6E9AB2D3DF3300042F364 /* Sources */,
				76B6E9AC2D3DF3300042F364 /* Frameworks */,
				76B6E9AD2D3DF3300042F364 /* Resources */,
				39DC368593A06FC8AA13417F /* [CP] Embed Pods Frameworks */,
			);
			buildRules = (
			);
			dependencies = (
			);
			fileSystemSynchronizedGroups = (
				76B6E9B12D3DF3300042F364 /* candle-ios */,
			);
			name = "candle-ios";
			productName = "candle-ios";
			productReference = 76B6E9AF2D3DF3300042F364 /* candle-ios.app */;
			productType = "com.apple.product-type.application";
		};
		76B6E9BE2D3DF3340042F364 /* candle-iosTests */ = {
			isa = PBXNativeTarget;
			buildConfigurationList = 76B6E9D62D3DF3340042F364 /* Build configuration list for PBXNativeTarget "candle-iosTests" */;
			buildPhases = (
				AF2F826A5F0EEB2306773A00 /* [CP] Check Pods Manifest.lock */,
				76B6E9BB2D3DF3340042F364 /* Sources */,
				76B6E9BC2D3DF3340042F364 /* Frameworks */,
				76B6E9BD2D3DF3340042F364 /* Resources */,
			);
			buildRules = (
			);
			dependencies = (
				76B6E9C12D3DF3340042F364 /* PBXTargetDependency */,
			);
			fileSystemSynchronizedGroups = (
				76B6E9C22D3DF3340042F364 /* candle-iosTests */,
			);
			name = "candle-iosTests";
			productName = "candle-iosTests";
			productReference = 76B6E9BF2D3DF3340042F364 /* candle-iosTests.xctest */;
			productType = "com.apple.product-type.bundle.unit-test";
		};
		76B6E9C82D3DF3340042F364 /* candle-iosUITests */ = {
			isa = PBXNativeTarget;
			buildConfigurationList = 76B6E9D92D3DF3340042F364 /* Build configuration list for PBXNativeTarget "candle-iosUITests" */;
			buildPhases = (
				B1EA3B641AF6D9DB51E94FE6 /* [CP] Check Pods Manifest.lock */,
				76B6E9C52D3DF3340042F364 /* Sources */,
				76B6E9C62D3DF3340042F364 /* Frameworks */,
				76B6E9C72D3DF3340042F364 /* Resources */,
				270C313BF5E539556BD7F36A /* [CP] Embed Pods Frameworks */,
			);
			buildRules = (
			);
			dependencies = (
				76B6E9CB2D3DF3340042F364 /* PBXTargetDependency */,
			);
			fileSystemSynchronizedGroups = (
				76B6E9CC2D3DF3340042F364 /* candle-iosUITests */,
			);
			name = "candle-iosUITests";
			productName = "candle-iosUITests";
			productReference = 76B6E9C92D3DF3340042F364 /* candle-iosUITests.xctest */;
			productType = "com.apple.product-type.bundle.ui-testing";
		};
/* End PBXNativeTarget section */

/* Begin PBXProject section */
		76B6E9A72D3DF3300042F364 /* Project object */ = {
			isa = PBXProject;
			attributes = {
				BuildIndependentTargetsInParallel = 1;
				LastSwiftUpdateCheck = 1610;
				LastUpgradeCheck = 1610;
				TargetAttributes = {
					76B6E9AE2D3DF3300042F364 = {
						CreatedOnToolsVersion = 16.1;
					};
					76B6E9BE2D3DF3340042F364 = {
						CreatedOnToolsVersion = 16.1;
						TestTargetID = 76B6E9AE2D3DF3300042F364;
					};
					76B6E9C82D3DF3340042F364 = {
						CreatedOnToolsVersion = 16.1;
						TestTargetID = 76B6E9AE2D3DF3300042F364;
					};
				};
			};
			buildConfigurationList = 76B6E9AA2D3DF3300042F364 /* Build configuration list for PBXProject "candle-ios" */;
			developmentRegion = en;
			hasScannedForEncodings = 0;
			knownRegions = (
				en,
				Base,
			);
			mainGroup = 76B6E9A62D3DF3300042F364;
			minimizedProjectReferenceProxies = 1;
			preferredProjectObjectVersion = 77;
			productRefGroup = 76B6E9B02D3DF3300042F364 /* Products */;
			projectDirPath = "";
			projectRoot = "";
			targets = (
				76B6E9AE2D3DF3300042F364 /* candle-ios */,
				76B6E9BE2D3DF3340042F364 /* candle-iosTests */,
				76B6E9C82D3DF3340042F364 /* candle-iosUITests */,
			);
		};
/* End PBXProject section */

/* Begin PBXResourcesBuildPhase section */
		76B6E9AD2D3DF3300042F364 /* Resources */ = {
			isa = PBXResourcesBuildPhase;
			buildActionMask = 2147483647;
			files = (
			);
			runOnlyForDeploymentPostprocessing = 0;
		};
		76B6E9BD2D3DF3340042F364 /* Resources */ = {
			isa = PBXResourcesBuildPhase;
			buildActionMask = 2147483647;
			files = (
			);
			runOnlyForDeploymentPostprocessing = 0;
		};
		76B6E9C72D3DF3340042F364 /* Resources */ = {
			isa = PBXResourcesBuildPhase;
			buildActionMask = 2147483647;
			files = (
			);
			runOnlyForDeploymentPostprocessing = 0;
		};
/* End PBXResourcesBuildPhase section */

/* Begin PBXShellScriptBuildPhase section */
		270C313BF5E539556BD7F36A /* [CP] Embed Pods Frameworks */ = {
			isa = PBXShellScriptBuildPhase;
			buildActionMask = 2147483647;
			files = (
			);
			inputFileListPaths = (
				"${PODS_ROOT}/Target Support Files/Pods-candle-ios-candle-iosUITests/Pods-candle-ios-candle-iosUITests-frameworks-${CONFIGURATION}-input-files.xcfilelist",
			);
			name = "[CP] Embed Pods Frameworks";
			outputFileListPaths = (
				"${PODS_ROOT}/Target Support Files/Pods-candle-ios-candle-iosUITests/Pods-candle-ios-candle-iosUITests-frameworks-${CONFIGURATION}-output-files.xcfilelist",
			);
			runOnlyForDeploymentPostprocessing = 0;
			shellPath = /bin/sh;
			shellScript = "\"${PODS_ROOT}/Target Support Files/Pods-candle-ios-candle-iosUITests/Pods-candle-ios-candle-iosUITests-frameworks.sh\"\n";
			showEnvVarsInLog = 0;
		};
		39DC368593A06FC8AA13417F /* [CP] Embed Pods Frameworks */ = {
			isa = PBXShellScriptBuildPhase;
			buildActionMask = 2147483647;
			files = (
			);
			inputFileListPaths = (
				"${PODS_ROOT}/Target Support Files/Pods-candle-ios/Pods-candle-ios-frameworks-${CONFIGURATION}-input-files.xcfilelist",
			);
			name = "[CP] Embed Pods Frameworks";
			outputFileListPaths = (
				"${PODS_ROOT}/Target Support Files/Pods-candle-ios/Pods-candle-ios-frameworks-${CONFIGURATION}-output-files.xcfilelist",
			);
			runOnlyForDeploymentPostprocessing = 0;
			shellPath = /bin/sh;
			shellScript = "\"${PODS_ROOT}/Target Support Files/Pods-candle-ios/Pods-candle-ios-frameworks.sh\"\n";
			showEnvVarsInLog = 0;
		};
		51FB357ED32F336B3DF62975 /* [CP] Check Pods Manifest.lock */ = {
			isa = PBXShellScriptBuildPhase;
			buildActionMask = 2147483647;
			files = (
			);
			inputFileListPaths = (
			);
			inputPaths = (
				"${PODS_PODFILE_DIR_PATH}/Podfile.lock",
				"${PODS_ROOT}/Manifest.lock",
			);
			name = "[CP] Check Pods Manifest.lock";
			outputFileListPaths = (
			);
			outputPaths = (
				"$(DERIVED_FILE_DIR)/Pods-candle-ios-checkManifestLockResult.txt",
			);
			runOnlyForDeploymentPostprocessing = 0;
			shellPath = /bin/sh;
			shellScript = "diff \"${PODS_PODFILE_DIR_PATH}/Podfile.lock\" \"${PODS_ROOT}/Manifest.lock\" > /dev/null\nif [ $? != 0 ] ; then\n    # print error to STDERR\n    echo \"error: The sandbox is not in sync with the Podfile.lock. Run 'pod install' or update your CocoaPods installation.\" >&2\n    exit 1\nfi\n# This output is used by Xcode 'outputs' to avoid re-running this script phase.\necho \"SUCCESS\" > \"${SCRIPT_OUTPUT_FILE_0}\"\n";
			showEnvVarsInLog = 0;
		};
		AF2F826A5F0EEB2306773A00 /* [CP] Check Pods Manifest.lock */ = {
			isa = PBXShellScriptBuildPhase;
			buildActionMask = 2147483647;
			files = (
			);
			inputFileListPaths = (
			);
			inputPaths = (
				"${PODS_PODFILE_DIR_PATH}/Podfile.lock",
				"${PODS_ROOT}/Manifest.lock",
			);
			name = "[CP] Check Pods Manifest.lock";
			outputFileListPaths = (
			);
			outputPaths = (
				"$(DERIVED_FILE_DIR)/Pods-candle-iosTests-checkManifestLockResult.txt",
			);
			runOnlyForDeploymentPostprocessing = 0;
			shellPath = /bin/sh;
			shellScript = "diff \"${PODS_PODFILE_DIR_PATH}/Podfile.lock\" \"${PODS_ROOT}/Manifest.lock\" > /dev/null\nif [ $? != 0 ] ; then\n    # print error to STDERR\n    echo \"error: The sandbox is not in sync with the Podfile.lock. Run 'pod install' or update your CocoaPods installation.\" >&2\n    exit 1\nfi\n# This output is used by Xcode 'outputs' to avoid re-running this script phase.\necho \"SUCCESS\" > \"${SCRIPT_OUTPUT_FILE_0}\"\n";
			showEnvVarsInLog = 0;
		};
		B1EA3B641AF6D9DB51E94FE6 /* [CP] Check Pods Manifest.lock */ = {
			isa = PBXShellScriptBuildPhase;
			buildActionMask = 2147483647;
			files = (
			);
			inputFileListPaths = (
			);
			inputPaths = (
				"${PODS_PODFILE_DIR_PATH}/Podfile.lock",
				"${PODS_ROOT}/Manifest.lock",
			);
			name = "[CP] Check Pods Manifest.lock";
			outputFileListPaths = (
			);
			outputPaths = (
				"$(DERIVED_FILE_DIR)/Pods-candle-ios-candle-iosUITests-checkManifestLockResult.txt",
			);
			runOnlyForDeploymentPostprocessing = 0;
			shellPath = /bin/sh;
			shellScript = "diff \"${PODS_PODFILE_DIR_PATH}/Podfile.lock\" \"${PODS_ROOT}/Manifest.lock\" > /dev/null\nif [ $? != 0 ] ; then\n    # print error to STDERR\n    echo \"error: The sandbox is not in sync with the Podfile.lock. Run 'pod install' or update your CocoaPods installation.\" >&2\n    exit 1\nfi\n# This output is used by Xcode 'outputs' to avoid re-running this script phase.\necho \"SUCCESS\" > \"${SCRIPT_OUTPUT_FILE_0}\"\n";
			showEnvVarsInLog = 0;
		};
/* End PBXShellScriptBuildPhase section */

/* Begin PBXSourcesBuildPhase section */
		76B6E9AB2D3DF3300042F364 /* Sources */ = {
			isa = PBXSourcesBuildPhase;
			buildActionMask = 2147483647;
			files = (
			);
			runOnlyForDeploymentPostprocessing = 0;
		};
		76B6E9BB2D3DF3340042F364 /* Sources */ = {
			isa = PBXSourcesBuildPhase;
			buildActionMask = 2147483647;
			files = (
			);
			runOnlyForDeploymentPostprocessing = 0;
		};
		76B6E9C52D3DF3340042F364 /* Sources */ = {
			isa = PBXSourcesBuildPhase;
			buildActionMask = 2147483647;
			files = (
			);
			runOnlyForDeploymentPostprocessing = 0;
		};
/* End PBXSourcesBuildPhase section */

/* Begin PBXTargetDependency section */
		76B6E9C12D3DF3340042F364 /* PBXTargetDependency */ = {
			isa = PBXTargetDependency;
			target = 76B6E9AE2D3DF3300042F364 /* candle-ios */;
			targetProxy = 76B6E9C02D3DF3340042F364 /* PBXContainerItemProxy */;
		};
		76B6E9CB2D3DF3340042F364 /* PBXTargetDependency */ = {
			isa = PBXTargetDependency;
			target = 76B6E9AE2D3DF3300042F364 /* candle-ios */;
			targetProxy = 76B6E9CA2D3DF3340042F364 /* PBXContainerItemProxy */;
		};
/* End PBXTargetDependency section */

/* Begin XCBuildConfiguration section */
		76B6E9D12D3DF3340042F364 /* Debug */ = {
			isa = XCBuildConfiguration;
			buildSettings = {
				ALWAYS_SEARCH_USER_PATHS = NO;
				ASSETCATALOG_COMPILER_GENERATE_SWIFT_ASSET_SYMBOL_EXTENSIONS = YES;
				CLANG_ANALYZER_NONNULL = YES;
				CLANG_ANALYZER_NUMBER_OBJECT_CONVERSION = YES_AGGRESSIVE;
				CLANG_CXX_LANGUAGE_STANDARD = "gnu++20";
				CLANG_ENABLE_MODULES = YES;
				CLANG_ENABLE_OBJC_ARC = YES;
				CLANG_ENABLE_OBJC_WEAK = YES;
				CLANG_WARN_BLOCK_CAPTURE_AUTORELEASING = YES;
				CLANG_WARN_BOOL_CONVERSION = YES;
				CLANG_WARN_COMMA = YES;
				CLANG_WARN_CONSTANT_CONVERSION = YES;
				CLANG_WARN_DEPRECATED_OBJC_IMPLEMENTATIONS = YES;
				CLANG_WARN_DIRECT_OBJC_ISA_USAGE = YES_ERROR;
				CLANG_WARN_DOCUMENTATION_COMMENTS = YES;
				CLANG_WARN_EMPTY_BODY = YES;
				CLANG_WARN_ENUM_CONVERSION = YES;
				CLANG_WARN_INFINITE_RECURSION = YES;
				CLANG_WARN_INT_CONVERSION = YES;
				CLANG_WARN_NON_LITERAL_NULL_CONVERSION = YES;
				CLANG_WARN_OBJC_IMPLICIT_RETAIN_SELF = YES;
				CLANG_WARN_OBJC_LITERAL_CONVERSION = YES;
				CLANG_WARN_OBJC_ROOT_CLASS = YES_ERROR;
				CLANG_WARN_QUOTED_INCLUDE_IN_FRAMEWORK_HEADER = YES;
				CLANG_WARN_RANGE_LOOP_ANALYSIS = YES;
				CLANG_WARN_STRICT_PROTOTYPES = YES;
				CLANG_WARN_SUSPICIOUS_MOVE = YES;
				CLANG_WARN_UNGUARDED_AVAILABILITY = YES_AGGRESSIVE;
				CLANG_WARN_UNREACHABLE_CODE = YES;
				CLANG_WARN__DUPLICATE_METHOD_MATCH = YES;
				COPY_PHASE_STRIP = NO;
				DEBUG_INFORMATION_FORMAT = dwarf;
				ENABLE_STRICT_OBJC_MSGSEND = YES;
				ENABLE_TESTABILITY = YES;
				ENABLE_USER_SCRIPT_SANDBOXING = YES;
				GCC_C_LANGUAGE_STANDARD = gnu17;
				GCC_DYNAMIC_NO_PIC = NO;
				GCC_NO_COMMON_BLOCKS = YES;
				GCC_OPTIMIZATION_LEVEL = 0;
				GCC_PREPROCESSOR_DEFINITIONS = (
					"DEBUG=1",
					"$(inherited)",
				);
				GCC_WARN_64_TO_32_BIT_CONVERSION = YES;
				GCC_WARN_ABOUT_RETURN_TYPE = YES_ERROR;
				GCC_WARN_UNDECLARED_SELECTOR = YES;
				GCC_WARN_UNINITIALIZED_AUTOS = YES_AGGRESSIVE;
				GCC_WARN_UNUSED_FUNCTION = YES;
				GCC_WARN_UNUSED_VARIABLE = YES;
				IPHONEOS_DEPLOYMENT_TARGET = 18.1;
				LOCALIZATION_PREFERS_STRING_CATALOGS = YES;
				MTL_ENABLE_DEBUG_INFO = INCLUDE_SOURCE;
				MTL_FAST_MATH = YES;
				ONLY_ACTIVE_ARCH = YES;
				SDKROOT = iphoneos;
				SWIFT_ACTIVE_COMPILATION_CONDITIONS = "DEBUG $(inherited)";
				SWIFT_OPTIMIZATION_LEVEL = "-Onone";
			};
			name = Debug;
		};
		76B6E9D22D3DF3340042F364 /* Release */ = {
			isa = XCBuildConfiguration;
			buildSettings = {
				ALWAYS_SEARCH_USER_PATHS = NO;
				ASSETCATALOG_COMPILER_GENERATE_SWIFT_ASSET_SYMBOL_EXTENSIONS = YES;
				CLANG_ANALYZER_NONNULL = YES;
				CLANG_ANALYZER_NUMBER_OBJECT_CONVERSION = YES_AGGRESSIVE;
				CLANG_CXX_LANGUAGE_STANDARD = "gnu++20";
				CLANG_ENABLE_MODULES = YES;
				CLANG_ENABLE_OBJC_ARC = YES;
				CLANG_ENABLE_OBJC_WEAK = YES;
				CLANG_WARN_BLOCK_CAPTURE_AUTORELEASING = YES;
				CLANG_WARN_BOOL_CONVERSION = YES;
				CLANG_WARN_COMMA = YES;
				CLANG_WARN_CONSTANT_CONVERSION = YES;
				CLANG_WARN_DEPRECATED_OBJC_IMPLEMENTATIONS = YES;
				CLANG_WARN_DIRECT_OBJC_ISA_USAGE = YES_ERROR;
				CLANG_WARN_DOCUMENTATION_COMMENTS = YES;
				CLANG_WARN_EMPTY_BODY = YES;
				CLANG_WARN_ENUM_CONVERSION = YES;
				CLANG_WARN_INFINITE_RECURSION = YES;
				CLANG_WARN_INT_CONVERSION = YES;
				CLANG_WARN_NON_LITERAL_NULL_CONVERSION = YES;
				CLANG_WARN_OBJC_IMPLICIT_RETAIN_SELF = YES;
				CLANG_WARN_OBJC_LITERAL_CONVERSION = YES;
				CLANG_WARN_OBJC_ROOT_CLASS = YES_ERROR;
				CLANG_WARN_QUOTED_INCLUDE_IN_FRAMEWORK_HEADER = YES;
				CLANG_WARN_RANGE_LOOP_ANALYSIS = YES;
				CLANG_WARN_STRICT_PROTOTYPES = YES;
				CLANG_WARN_SUSPICIOUS_MOVE = YES;
				CLANG_WARN_UNGUARDED_AVAILABILITY = YES_AGGRESSIVE;
				CLANG_WARN_UNREACHABLE_CODE = YES;
				CLANG_WARN__DUPLICATE_METHOD_MATCH = YES;
				COPY_PHASE_STRIP = NO;
				DEBUG_INFORMATION_FORMAT = "dwarf-with-dsym";
				ENABLE_NS_ASSERTIONS = NO;
				ENABLE_STRICT_OBJC_MSGSEND = YES;
				ENABLE_USER_SCRIPT_SANDBOXING = YES;
				GCC_C_LANGUAGE_STANDARD = gnu17;
				GCC_NO_COMMON_BLOCKS = YES;
				GCC_WARN_64_TO_32_BIT_CONVERSION = YES;
				GCC_WARN_ABOUT_RETURN_TYPE = YES_ERROR;
				GCC_WARN_UNDECLARED_SELECTOR = YES;
				GCC_WARN_UNINITIALIZED_AUTOS = YES_AGGRESSIVE;
				GCC_WARN_UNUSED_FUNCTION = YES;
				GCC_WARN_UNUSED_VARIABLE = YES;
				IPHONEOS_DEPLOYMENT_TARGET = 18.1;
				LOCALIZATION_PREFERS_STRING_CATALOGS = YES;
				MTL_ENABLE_DEBUG_INFO = NO;
				MTL_FAST_MATH = YES;
				SDKROOT = iphoneos;
				SWIFT_COMPILATION_MODE = wholemodule;
				VALIDATE_PRODUCT = YES;
			};
			name = Release;
		};
		76B6E9D42D3DF3340042F364 /* Debug */ = {
			isa = XCBuildConfiguration;
			baseConfigurationReference = 5C79AA63E44735FA51FFCBF7 /* Pods-candle-ios.debug.xcconfig */;
			buildSettings = {
				ASSETCATALOG_COMPILER_APPICON_NAME = AppIcon;
				ASSETCATALOG_COMPILER_GLOBAL_ACCENT_COLOR_NAME = AccentColor;
				CODE_SIGN_STYLE = Automatic;
				CURRENT_PROJECT_VERSION = 1;
				DEVELOPMENT_ASSET_PATHS = "\"candle-ios/Preview Content\"";
				DEVELOPMENT_TEAM = VN497S6KK3;
				ENABLE_PREVIEWS = YES;
				GENERATE_INFOPLIST_FILE = YES;
				INFOPLIST_FILE = "candle-ios/Info.plist";
				INFOPLIST_KEY_UIApplicationSceneManifest_Generation = YES;
				INFOPLIST_KEY_UIApplicationSupportsIndirectInputEvents = YES;
				INFOPLIST_KEY_UILaunchScreen_Generation = YES;
				INFOPLIST_KEY_UISupportedInterfaceOrientations_iPad = "UIInterfaceOrientationPortrait UIInterfaceOrientationPortraitUpsideDown UIInterfaceOrientationLandscapeLeft UIInterfaceOrientationLandscapeRight";
				INFOPLIST_KEY_UISupportedInterfaceOrientations_iPhone = "UIInterfaceOrientationPortrait UIInterfaceOrientationLandscapeLeft UIInterfaceOrientationLandscapeRight";
				LD_RUNPATH_SEARCH_PATHS = (
					"$(inherited)",
					"@executable_path/Frameworks",
				);
				MARKETING_VERSION = 1.0;
				PRODUCT_BUNDLE_IDENTIFIER = "lotus.candle-ios";
				PRODUCT_NAME = "$(TARGET_NAME)";
				SWIFT_EMIT_LOC_STRINGS = YES;
				SWIFT_VERSION = 5.0;
				TARGETED_DEVICE_FAMILY = "1,2";
			};
			name = Debug;
		};
		76B6E9D52D3DF3340042F364 /* Release */ = {
			isa = XCBuildConfiguration;
			baseConfigurationReference = A496B3C0CC2159E7D3ED0A74 /* Pods-candle-ios.release.xcconfig */;
			buildSettings = {
				ASSETCATALOG_COMPILER_APPICON_NAME = AppIcon;
				ASSETCATALOG_COMPILER_GLOBAL_ACCENT_COLOR_NAME = AccentColor;
				CODE_SIGN_STYLE = Automatic;
				CURRENT_PROJECT_VERSION = 1;
				DEVELOPMENT_ASSET_PATHS = "\"candle-ios/Preview Content\"";
				DEVELOPMENT_TEAM = VN497S6KK3;
				ENABLE_PREVIEWS = YES;
				GENERATE_INFOPLIST_FILE = YES;
				INFOPLIST_FILE = "candle-ios/Info.plist";
				INFOPLIST_KEY_UIApplicationSceneManifest_Generation = YES;
				INFOPLIST_KEY_UIApplicationSupportsIndirectInputEvents = YES;
				INFOPLIST_KEY_UILaunchScreen_Generation = YES;
				INFOPLIST_KEY_UISupportedInterfaceOrientations_iPad = "UIInterfaceOrientationPortrait UIInterfaceOrientationPortraitUpsideDown UIInterfaceOrientationLandscapeLeft UIInterfaceOrientationLandscapeRight";
				INFOPLIST_KEY_UISupportedInterfaceOrientations_iPhone = "UIInterfaceOrientationPortrait UIInterfaceOrientationLandscapeLeft UIInterfaceOrientationLandscapeRight";
				LD_RUNPATH_SEARCH_PATHS = (
					"$(inherited)",
					"@executable_path/Frameworks",
				);
				MARKETING_VERSION = 1.0;
				PRODUCT_BUNDLE_IDENTIFIER = "lotus.candle-ios";
				PRODUCT_NAME = "$(TARGET_NAME)";
				SWIFT_EMIT_LOC_STRINGS = YES;
				SWIFT_VERSION = 5.0;
				TARGETED_DEVICE_FAMILY = "1,2";
			};
			name = Release;
		};
		76B6E9D72D3DF3340042F364 /* Debug */ = {
			isa = XCBuildConfiguration;
			baseConfigurationReference = 49D3E47B817AA5B021CE12E5 /* Pods-candle-iosTests.debug.xcconfig */;
			buildSettings = {
				BUNDLE_LOADER = "$(TEST_HOST)";
				CODE_SIGN_STYLE = Automatic;
				CURRENT_PROJECT_VERSION = 1;
				DEVELOPMENT_TEAM = VN497S6KK3;
				GENERATE_INFOPLIST_FILE = YES;
				IPHONEOS_DEPLOYMENT_TARGET = 18.1;
				MARKETING_VERSION = 1.0;
				PRODUCT_BUNDLE_IDENTIFIER = "lotus.candle-iosTests";
				PRODUCT_NAME = "$(TARGET_NAME)";
				SWIFT_EMIT_LOC_STRINGS = NO;
				SWIFT_VERSION = 5.0;
				TARGETED_DEVICE_FAMILY = "1,2";
				TEST_HOST = "$(BUILT_PRODUCTS_DIR)/candle-ios.app/$(BUNDLE_EXECUTABLE_FOLDER_PATH)/candle-ios";
			};
			name = Debug;
		};
		76B6E9D82D3DF3340042F364 /* Release */ = {
			isa = XCBuildConfiguration;
			baseConfigurationReference = AE012D67AF242FBD39FB2899 /* Pods-candle-iosTests.release.xcconfig */;
			buildSettings = {
				BUNDLE_LOADER = "$(TEST_HOST)";
				CODE_SIGN_STYLE = Automatic;
				CURRENT_PROJECT_VERSION = 1;
				DEVELOPMENT_TEAM = VN497S6KK3;
				GENERATE_INFOPLIST_FILE = YES;
				IPHONEOS_DEPLOYMENT_TARGET = 18.1;
				MARKETING_VERSION = 1.0;
				PRODUCT_BUNDLE_IDENTIFIER = "lotus.candle-iosTests";
				PRODUCT_NAME = "$(TARGET_NAME)";
				SWIFT_EMIT_LOC_STRINGS = NO;
				SWIFT_VERSION = 5.0;
				TARGETED_DEVICE_FAMILY = "1,2";
				TEST_HOST = "$(BUILT_PRODUCTS_DIR)/candle-ios.app/$(BUNDLE_EXECUTABLE_FOLDER_PATH)/candle-ios";
			};
			name = Release;
		};
		76B6E9DA2D3DF3340042F364 /* Debug */ = {
			isa = XCBuildConfiguration;
			baseConfigurationReference = E361D81332644A58FF3C119B /* Pods-candle-ios-candle-iosUITests.debug.xcconfig */;
			buildSettings = {
				CODE_SIGN_STYLE = Automatic;
				CURRENT_PROJECT_VERSION = 1;
				DEVELOPMENT_TEAM = VN497S6KK3;
				GENERATE_INFOPLIST_FILE = YES;
				MARKETING_VERSION = 1.0;
				PRODUCT_BUNDLE_IDENTIFIER = "lotus.candle-iosUITests";
				PRODUCT_NAME = "$(TARGET_NAME)";
				SWIFT_EMIT_LOC_STRINGS = NO;
				SWIFT_VERSION = 5.0;
				TARGETED_DEVICE_FAMILY = "1,2";
				TEST_TARGET_NAME = "candle-ios";
			};
			name = Debug;
		};
		76B6E9DB2D3DF3340042F364 /* Release */ = {
			isa = XCBuildConfiguration;
			baseConfigurationReference = C6894A1A4FCDCFB6F4BAF670 /* Pods-candle-ios-candle-iosUITests.release.xcconfig */;
			buildSettings = {
				CODE_SIGN_STYLE = Automatic;
				CURRENT_PROJECT_VERSION = 1;
				DEVELOPMENT_TEAM = VN497S6KK3;
				GENERATE_INFOPLIST_FILE = YES;
				MARKETING_VERSION = 1.0;
				PRODUCT_BUNDLE_IDENTIFIER = "lotus.candle-iosUITests";
				PRODUCT_NAME = "$(TARGET_NAME)";
				SWIFT_EMIT_LOC_STRINGS = NO;
				SWIFT_VERSION = 5.0;
				TARGETED_DEVICE_FAMILY = "1,2";
				TEST_TARGET_NAME = "candle-ios";
			};
			name = Release;
		};
/* End XCBuildConfiguration section */

/* Begin XCConfigurationList section */
		76B6E9AA2D3DF3300042F364 /* Build configuration list for PBXProject "candle-ios" */ = {
			isa = XCConfigurationList;
			buildConfigurations = (
				76B6E9D12D3DF3340042F364 /* Debug */,
				76B6E9D22D3DF3340042F364 /* Release */,
			);
			defaultConfigurationIsVisible = 0;
			defaultConfigurationName = Release;
		};
		76B6E9D32D3DF3340042F364 /* Build configuration list for PBXNativeTarget "candle-ios" */ = {
			isa = XCConfigurationList;
			buildConfigurations = (
				76B6E9D42D3DF3340042F364 /* Debug */,
				76B6E9D52D3DF3340042F364 /* Release */,
			);
			defaultConfigurationIsVisible = 0;
			defaultConfigurationName = Release;
		};
		76B6E9D62D3DF3340042F364 /* Build configuration list for PBXNativeTarget "candle-iosTests" */ = {
			isa = XCConfigurationList;
			buildConfigurations = (
				76B6E9D72D3DF3340042F364 /* Debug */,
				76B6E9D82D3DF3340042F364 /* Release */,
			);
			defaultConfigurationIsVisible = 0;
			defaultConfigurationName = Release;
		};
		76B6E9D92D3DF3340042F364 /* Build configuration list for PBXNativeTarget "candle-iosUITests" */ = {
			isa = XCConfigurationList;
			buildConfigurations = (
				76B6E9DA2D3DF3340042F364 /* Debug */,
				76B6E9DB2D3DF3340042F364 /* Release */,
			);
			defaultConfigurationIsVisible = 0;
			defaultConfigurationName = Release;
		};
/* End XCConfigurationList section */
	};
	rootObject = 76B6E9A72D3DF3300042F364 /* Project object */;
}
